
Microsoft Visual Studio Solution File, Format Version 12.00
# Visual Studio Version 17
VisualStudioVersion = 17.11.35327.3
MinimumVisualStudioVersion = 10.0.40219.1
Project("{FAE04EC0-301F-11D3-BF4B-00C04F79EFBC}") = "Huggy", "APIV2\Huggy.csproj", "{6563D37D-0CA5-4F9A-96CE-93BF8C6F9539}"
EndProject
Project("{FAE04EC0-301F-11D3-BF4B-00C04F79EFBC}") = "HuggyConsole", "HuggyConsole\HuggyConsole.csproj", "{7965F790-EB47-4248-B947-FFB68D7F6F46}"
EndProject
Project("{FAE04EC0-301F-11D3-BF4B-00C04F79EFBC}") = "HuggyWeb", "HuggyWeb\HuggyWeb.csproj", "{6C3EC8AF-8898-4500-886B-E0428F1534FB}"
EndProject
Global
	GlobalSection(SolutionConfigurationPlatforms) = preSolution
		Debug|Any CPU = Debug|Any CPU
		Release|Any CPU = Release|Any CPU
	EndGlobalSection
	GlobalSection(ProjectConfigurationPlatforms) = postSolution
		{6563D37D-0CA5-4F9A-96CE-93BF8C6F9539}.Debug|Any CPU.ActiveCfg = Debug|Any CPU
		{6563D37D-0CA5-4F9A-96CE-93BF8C6F9539}.Debug|Any CPU.Build.0 = Debug|Any CPU
		{6563D37D-0CA5-4F9A-96CE-93BF8C6F9539}.Release|Any CPU.ActiveCfg = Release|Any CPU
		{6563D37D-0CA5-4F9A-96CE-93BF8C6F9539}.Release|Any CPU.Build.0 = Release|Any CPU
		{7965F790-EB47-4248-B947-FFB68D7F6F46}.Debug|Any CPU.ActiveCfg = Debug|Any CPU
		{7965F790-EB47-4248-B947-FFB68D7F6F46}.Debug|Any CPU.Build.0 = Debug|Any CPU
		{7965F790-EB47-4248-B947-FFB68D7F6F46}.Release|Any CPU.ActiveCfg = Release|Any CPU
		{7965F790-EB47-4248-B947-FFB68D7F6F46}.Release|Any CPU.Build.0 = Release|Any CPU
		{6C3EC8AF-8898-4500-886B-E0428F1534FB}.Debug|Any CPU.ActiveCfg = Debug|Any CPU
		{6C3EC8AF-8898-4500-886B-E0428F1534FB}.Debug|Any CPU.Build.0 = Debug|Any CPU
		{6C3EC8AF-8898-4500-886B-E0428F1534FB}.Release|Any CPU.ActiveCfg = Release|Any CPU
		{6C3EC8AF-8898-4500-886B-E0428F1534FB}.Release|Any CPU.Build.0 = Release|Any CPU
	EndGlobalSection
	GlobalSection(SolutionProperties) = preSolution
		HideSolutionNode = FALSE
	EndGlobalSection
	GlobalSection(ExtensibilityGlobals) = postSolution
		SolutionGuid = {161712E5-0B4F-4052-90AD-820BA6FCD7C5}
	EndGlobalSection
EndGlobal
